
Microsoft Visual Studio Solution File, Format Version 12.00
# Visual Studio 15
VisualStudioVersion = 15.0.28307.902
MinimumVisualStudioVersion = 10.0.40219.1
Project("{FAE04EC0-301F-11D3-BF4B-00C04F79EFBC}") = "TDK.Android", "TDK\TDK.Android\TDK.Android.csproj", "{31628F8F-D4BC-4986-8134-4C94747680D9}"
EndProject
Project("{FAE04EC0-301F-11D3-BF4B-00C04F79EFBC}") = "TDK.iOS", "TDK\TDK.iOS\TDK.iOS.csproj", "{55E93447-A304-4002-908C-DC6BD5909326}"
EndProject
Project("{9A19103F-16F7-4668-BE54-9A1E7A4F7556}") = "TDK", "TDK\TDK\TDK.csproj", "{5B1BA1B4-009D-4E24-80AC-BE4871DF050F}"
EndProject
Global
	GlobalSection(SolutionConfigurationPlatforms) = preSolution
		Ad-Hoc|Any CPU = Ad-Hoc|Any CPU
		Ad-Hoc|iPhone = Ad-Hoc|iPhone
		Ad-Hoc|iPhoneSimulator = Ad-Hoc|iPhoneSimulator
		AppStore|Any CPU = AppStore|Any CPU
		AppStore|iPhone = AppStore|iPhone
		AppStore|iPhoneSimulator = AppStore|iPhoneSimulator
		Debug|Any CPU = Debug|Any CPU
		Debug|iPhone = Debug|iPhone
		Debug|iPhoneSimulator = Debug|iPhoneSimulator
		Release|Any CPU = Release|Any CPU
		Release|iPhone = Release|iPhone
		Release|iPhoneSimulator = Release|iPhoneSimulator
	EndGlobalSection
	GlobalSection(ProjectConfigurationPlatforms) = postSolution
		{31628F8F-D4BC-4986-8134-4C94747680D9}.Ad-Hoc|Any CPU.ActiveCfg = Release|Any CPU
		{31628F8F-D4BC-4986-8134-4C94747680D9}.Ad-Hoc|Any CPU.Build.0 = Release|Any CPU
		{31628F8F-D4BC-4986-8134-4C94747680D9}.Ad-Hoc|Any CPU.Deploy.0 = Release|Any CPU
		{31628F8F-D4BC-4986-8134-4C94747680D9}.Ad-Hoc|iPhone.ActiveCfg = Release|Any CPU
		{31628F8F-D4BC-4986-8134-4C94747680D9}.Ad-Hoc|iPhone.Build.0 = Release|Any CPU
		{31628F8F-D4BC-4986-8134-4C94747680D9}.Ad-Hoc|iPhone.Deploy.0 = Release|Any CPU
		{31628F8F-D4BC-4986-8134-4C94747680D9}.Ad-Hoc|iPhoneSimulator.ActiveCfg = Release|Any CPU
		{31628F8F-D4BC-4986-8134-4C94747680D9}.Ad-Hoc|iPhoneSimulator.Build.0 = Release|Any CPU
		{31628F8F-D4BC-4986-8134-4C94747680D9}.Ad-Hoc|iPhoneSimulator.Deploy.0 = Release|Any CPU
		{31628F8F-D4BC-4986-8134-4C94747680D9}.AppStore|Any CPU.ActiveCfg = Release|Any CPU
		{31628F8F-D4BC-4986-8134-4C94747680D9}.AppStore|Any CPU.Build.0 = Release|Any CPU
		{31628F8F-D4BC-4986-8134-4C94747680D9}.AppStore|Any CPU.Deploy.0 = Release|Any CPU
		{31628F8F-D4BC-4986-8134-4C94747680D9}.AppStore|iPhone.ActiveCfg = Release|Any CPU
		{31628F8F-D4BC-4986-8134-4C94747680D9}.AppStore|iPhone.Build.0 = Release|Any CPU
		{31628F8F-D4BC-4986-8134-4C94747680D9}.AppStore|iPhone.Deploy.0 = Release|Any CPU
		{31628F8F-D4BC-4986-8134-4C94747680D9}.AppStore|iPhoneSimulator.ActiveCfg = Release|Any CPU
		{31628F8F-D4BC-4986-8134-4C94747680D9}.AppStore|iPhoneSimulator.Build.0 = Release|Any CPU
		{31628F8F-D4BC-4986-8134-4C94747680D9}.AppStore|iPhoneSimulator.Deploy.0 = Release|Any CPU
		{31628F8F-D4BC-4986-8134-4C94747680D9}.Debug|Any CPU.ActiveCfg = Debug|Any CPU
		{31628F8F-D4BC-4986-8134-4C94747680D9}.Debug|Any CPU.Build.0 = Debug|Any CPU
		{31628F8F-D4BC-4986-8134-4C94747680D9}.Debug|Any CPU.Deploy.0 = Debug|Any CPU
		{31628F8F-D4BC-4986-8134-4C94747680D9}.Debug|iPhone.ActiveCfg = Debug|Any CPU
		{31628F8F-D4BC-4986-8134-4C94747680D9}.Debug|iPhone.Build.0 = Debug|Any CPU
		{31628F8F-D4BC-4986-8134-4C94747680D9}.Debug|iPhone.Deploy.0 = Debug|Any CPU
		{31628F8F-D4BC-4986-8134-4C94747680D9}.Debug|iPhoneSimulator.ActiveCfg = Debug|Any CPU
		{31628F8F-D4BC-4986-8134-4C94747680D9}.Debug|iPhoneSimulator.Build.0 = Debug|Any CPU
		{31628F8F-D4BC-4986-8134-4C94747680D9}.Debug|iPhoneSimulator.Deploy.0 = Debug|Any CPU
		{31628F8F-D4BC-4986-8134-4C94747680D9}.Release|Any CPU.ActiveCfg = Release|Any CPU
		{31628F8F-D4BC-4986-8134-4C94747680D9}.Release|Any CPU.Build.0 = Release|Any CPU
		{31628F8F-D4BC-4986-8134-4C94747680D9}.Release|Any CPU.Deploy.0 = Release|Any CPU
		{31628F8F-D4BC-4986-8134-4C94747680D9}.Release|iPhone.ActiveCfg = Release|Any CPU
		{31628F8F-D4BC-4986-8134-4C94747680D9}.Release|iPhone.Build.0 = Release|Any CPU
		{31628F8F-D4BC-4986-8134-4C94747680D9}.Release|iPhone.Deploy.0 = Release|Any CPU
		{31628F8F-D4BC-4986-8134-4C94747680D9}.Release|iPhoneSimulator.ActiveCfg = Release|Any CPU
		{31628F8F-D4BC-4986-8134-4C94747680D9}.Release|iPhoneSimulator.Build.0 = Release|Any CPU
		{31628F8F-D4BC-4986-8134-4C94747680D9}.Release|iPhoneSimulator.Deploy.0 = Release|Any CPU
		{55E93447-A304-4002-908C-DC6BD5909326}.Ad-Hoc|Any CPU.ActiveCfg = Ad-Hoc|iPhone
		{55E93447-A304-4002-908C-DC6BD5909326}.Ad-Hoc|Any CPU.Build.0 = Ad-Hoc|iPhone
		{55E93447-A304-4002-908C-DC6BD5909326}.Ad-Hoc|Any CPU.Deploy.0 = Ad-Hoc|iPhone
		{55E93447-A304-4002-908C-DC6BD5909326}.Ad-Hoc|iPhone.ActiveCfg = Ad-Hoc|iPhone
		{55E93447-A304-4002-908C-DC6BD5909326}.Ad-Hoc|iPhone.Build.0 = Ad-Hoc|iPhone
		{55E93447-A304-4002-908C-DC6BD5909326}.Ad-Hoc|iPhone.Deploy.0 = Ad-Hoc|iPhone
		{55E93447-A304-4002-908C-DC6BD5909326}.Ad-Hoc|iPhoneSimulator.ActiveCfg = Ad-Hoc|iPhoneSimulator
		{55E93447-A304-4002-908C-DC6BD5909326}.Ad-Hoc|iPhoneSimulator.Build.0 = Ad-Hoc|iPhoneSimulator
		{55E93447-A304-4002-908C-DC6BD5909326}.Ad-Hoc|iPhoneSimulator.Deploy.0 = Ad-Hoc|iPhoneSimulator
		{55E93447-A304-4002-908C-DC6BD5909326}.AppStore|Any CPU.ActiveCfg = AppStore|iPhone
		{55E93447-A304-4002-908C-DC6BD5909326}.AppStore|Any CPU.Build.0 = AppStore|iPhone
		{55E93447-A304-4002-908C-DC6BD5909326}.AppStore|Any CPU.Deploy.0 = AppStore|iPhone
		{55E93447-A304-4002-908C-DC6BD5909326}.AppStore|iPhone.ActiveCfg = AppStore|iPhone
		{55E93447-A304-4002-908C-DC6BD5909326}.AppStore|iPhone.Build.0 = AppStore|iPhone
		{55E93447-A304-4002-908C-DC6BD5909326}.AppStore|iPhone.Deploy.0 = AppStore|iPhone
		{55E93447-A304-4002-908C-DC6BD5909326}.AppStore|iPhoneSimulator.ActiveCfg = AppStore|iPhoneSimulator
		{55E93447-A304-4002-908C-DC6BD5909326}.AppStore|iPhoneSimulator.Build.0 = AppStore|iPhoneSimulator
		{55E93447-A304-4002-908C-DC6BD5909326}.AppStore|iPhoneSimulator.Deploy.0 = AppStore|iPhoneSimulator
		{55E93447-A304-4002-908C-DC6BD5909326}.Debug|Any CPU.ActiveCfg = Debug|iPhoneSimulator
		{55E93447-A304-4002-908C-DC6BD5909326}.Debug|Any CPU.Build.0 = Debug|iPhoneSimulator
		{55E93447-A304-4002-908C-DC6BD5909326}.Debug|Any CPU.Deploy.0 = Debug|iPhoneSimulator
		{55E93447-A304-4002-908C-DC6BD5909326}.Debug|iPhone.ActiveCfg = Debug|iPhone
		{55E93447-A304-4002-908C-DC6BD5909326}.Debug|iPhone.Build.0 = Debug|iPhone
		{55E93447-A304-4002-908C-DC6BD5909326}.Debug|iPhone.Deploy.0 = Debug|iPhone
		{55E93447-A304-4002-908C-DC6BD5909326}.Debug|iPhoneSimulator.ActiveCfg = Debug|iPhoneSimulator
		{55E93447-A304-4002-908C-DC6BD5909326}.Debug|iPhoneSimulator.Build.0 = Debug|iPhoneSimulator
		{55E93447-A304-4002-908C-DC6BD5909326}.Debug|iPhoneSimulator.Deploy.0 = Debug|iPhoneSimulator
		{55E93447-A304-4002-908C-DC6BD5909326}.Release|Any CPU.ActiveCfg = Release|iPhone
		{55E93447-A304-4002-908C-DC6BD5909326}.Release|Any CPU.Build.0 = Release|iPhone
		{55E93447-A304-4002-908C-DC6BD5909326}.Release|Any CPU.Deploy.0 = Release|iPhone
		{55E93447-A304-4002-908C-DC6BD5909326}.Release|iPhone.ActiveCfg = Release|iPhone
		{55E93447-A304-4002-908C-DC6BD5909326}.Release|iPhone.Build.0 = Release|iPhone
		{55E93447-A304-4002-908C-DC6BD5909326}.Release|iPhone.Deploy.0 = Release|iPhone
		{55E93447-A304-4002-908C-DC6BD5909326}.Release|iPhoneSimulator.ActiveCfg = Release|iPhoneSimulator
		{55E93447-A304-4002-908C-DC6BD5909326}.Release|iPhoneSimulator.Build.0 = Release|iPhoneSimulator
		{55E93447-A304-4002-908C-DC6BD5909326}.Release|iPhoneSimulator.Deploy.0 = Release|iPhoneSimulator
		{5B1BA1B4-009D-4E24-80AC-BE4871DF050F}.Ad-Hoc|Any CPU.ActiveCfg = Debug|Any CPU
		{5B1BA1B4-009D-4E24-80AC-BE4871DF050F}.Ad-Hoc|Any CPU.Build.0 = Debug|Any CPU
		{5B1BA1B4-009D-4E24-80AC-BE4871DF050F}.Ad-Hoc|Any CPU.Deploy.0 = Debug|Any CPU
		{5B1BA1B4-009D-4E24-80AC-BE4871DF050F}.Ad-Hoc|iPhone.ActiveCfg = Debug|Any CPU
		{5B1BA1B4-009D-4E24-80AC-BE4871DF050F}.Ad-Hoc|iPhone.Build.0 = Debug|Any CPU
		{5B1BA1B4-009D-4E24-80AC-BE4871DF050F}.Ad-Hoc|iPhone.Deploy.0 = Debug|Any CPU
		{5B1BA1B4-009D-4E24-80AC-BE4871DF050F}.Ad-Hoc|iPhoneSimulator.ActiveCfg = Debug|Any CPU
		{5B1BA1B4-009D-4E24-80AC-BE4871DF050F}.Ad-Hoc|iPhoneSimulator.Build.0 = Debug|Any CPU
		{5B1BA1B4-009D-4E24-80AC-BE4871DF050F}.Ad-Hoc|iPhoneSimulator.Deploy.0 = Debug|Any CPU
		{5B1BA1B4-009D-4E24-80AC-BE4871DF050F}.AppStore|Any CPU.ActiveCfg = Debug|Any CPU
		{5B1BA1B4-009D-4E24-80AC-BE4871DF050F}.AppStore|Any CPU.Build.0 = Debug|Any CPU
		{5B1BA1B4-009D-4E24-80AC-BE4871DF050F}.AppStore|Any CPU.Deploy.0 = Debug|Any CPU
		{5B1BA1B4-009D-4E24-80AC-BE4871DF050F}.AppStore|iPhone.ActiveCfg = Debug|Any CPU
		{5B1BA1B4-009D-4E24-80AC-BE4871DF050F}.AppStore|iPhone.Build.0 = Debug|Any CPU
		{5B1BA1B4-009D-4E24-80AC-BE4871DF050F}.AppStore|iPhone.Deploy.0 = Debug|Any CPU
		{5B1BA1B4-009D-4E24-80AC-BE4871DF050F}.AppStore|iPhoneSimulator.ActiveCfg = Debug|Any CPU
		{5B1BA1B4-009D-4E24-80AC-BE4871DF050F}.AppStore|iPhoneSimulator.Build.0 = Debug|Any CPU
		{5B1BA1B4-009D-4E24-80AC-BE4871DF050F}.AppStore|iPhoneSimulator.Deploy.0 = Debug|Any CPU
		{5B1BA1B4-009D-4E24-80AC-BE4871DF050F}.Debug|Any CPU.ActiveCfg = Debug|Any CPU
		{5B1BA1B4-009D-4E24-80AC-BE4871DF050F}.Debug|Any CPU.Build.0 = Debug|Any CPU
		{5B1BA1B4-009D-4E24-80AC-BE4871DF050F}.Debug|Any CPU.Deploy.0 = Debug|Any CPU
		{5B1BA1B4-009D-4E24-80AC-BE4871DF050F}.Debug|iPhone.ActiveCfg = Debug|Any CPU
		{5B1BA1B4-009D-4E24-80AC-BE4871DF050F}.Debug|iPhone.Build.0 = Debug|Any CPU
		{5B1BA1B4-009D-4E24-80AC-BE4871DF050F}.Debug|iPhone.Deploy.0 = Debug|Any CPU
		{5B1BA1B4-009D-4E24-80AC-BE4871DF050F}.Debug|iPhoneSimulator.ActiveCfg = Debug|Any CPU
		{5B1BA1B4-009D-4E24-80AC-BE4871DF050F}.Debug|iPhoneSimulator.Build.0 = Debug|Any CPU
		{5B1BA1B4-009D-4E24-80AC-BE4871DF050F}.Debug|iPhoneSimulator.Deploy.0 = Debug|Any CPU
		{5B1BA1B4-009D-4E24-80AC-BE4871DF050F}.Release|Any CPU.ActiveCfg = Release|Any CPU
		{5B1BA1B4-009D-4E24-80AC-BE4871DF050F}.Release|Any CPU.Build.0 = Release|Any CPU
		{5B1BA1B4-009D-4E24-80AC-BE4871DF050F}.Release|Any CPU.Deploy.0 = Release|Any CPU
		{5B1BA1B4-009D-4E24-80AC-BE4871DF050F}.Release|iPhone.ActiveCfg = Release|Any CPU
		{5B1BA1B4-009D-4E24-80AC-BE4871DF050F}.Release|iPhone.Build.0 = Release|Any CPU
		{5B1BA1B4-009D-4E24-80AC-BE4871DF050F}.Release|iPhone.Deploy.0 = Release|Any CPU
		{5B1BA1B4-009D-4E24-80AC-BE4871DF050F}.Release|iPhoneSimulator.ActiveCfg = Release|Any CPU
		{5B1BA1B4-009D-4E24-80AC-BE4871DF050F}.Release|iPhoneSimulator.Build.0 = Release|Any CPU
		{5B1BA1B4-009D-4E24-80AC-BE4871DF050F}.Release|iPhoneSimulator.Deploy.0 = Release|Any CPU
	EndGlobalSection
	GlobalSection(SolutionProperties) = preSolution
		HideSolutionNode = FALSE
	EndGlobalSection
	GlobalSection(ExtensibilityGlobals) = postSolution
		SolutionGuid = {1F9499BD-B1B2-487C-A0D2-433F388145BF}
	EndGlobalSection
EndGlobal
